# Generated by pub
# See https://dart.dev/tools/pub/glossary#lockfile
packages:
  bloc:
    dependency: transitive
    description:
      name: bloc
      sha256: "106842ad6569f0b60297619e9e0b1885c2fb9bf84812935490e6c5275777804e"
      url: "https://pub.dev"
    source: hosted
    version: "8.1.4"
  buffered_list_stream:
    dependency: "direct main"
    description:
      name: buffered_list_stream
      sha256: "1c2cd42641db48f4c66e5d5c778459ce5ff1b7d8793659b48400bf0dcecce385"
      url: "https://pub.dev"
    source: hosted
    version: "1.3.0"
  characters:
    dependency: transitive
    description:
      name: characters
      sha256: "04a925763edad70e8443c99234dc3328f442e811f1d8fd1a72f1c8ad0f69a605"
      url: "https://pub.dev"
    source: hosted
    version: "1.3.0"
  collection:
    dependency: transitive
    description:
      name: collection
      sha256: ee67cb0715911d28db6bf4af1026078bd6f0128b07a5f66fb2ed94ec6783c09a
      url: "https://pub.dev"
    source: hosted
    version: "1.18.0"
  crypto:
    dependency: transitive
    description:
      name: crypto
      sha256: ff625774173754681d66daaf4a448684fb04b78f902da9cb3d308c19cc5e8bab
      url: "https://pub.dev"
    source: hosted
    version: "3.0.3"
  cupertino_icons:
    dependency: "direct main"
    description:
      name: cupertino_icons
      sha256: d57953e10f9f8327ce64a508a355f0b1ec902193f66288e8cb5070e7c47eeb2d
      url: "https://pub.dev"
    source: hosted
    version: "1.0.6"
  flutter:
    dependency: "direct main"
    description: flutter
    source: sdk
    version: "0.0.0"
  flutter_bloc:
    dependency: "direct main"
    description:
      name: flutter_bloc
      sha256: f0ecf6e6eb955193ca60af2d5ca39565a86b8a142452c5b24d96fb477428f4d2
      url: "https://pub.dev"
    source: hosted
    version: "8.1.5"
  flutter_lints:
    dependency: "direct dev"
    description:
      name: flutter_lints
      sha256: "9e8c3858111da373efc5aa341de011d9bd23e2c5c5e0c62bccf32438e192d7b1"
      url: "https://pub.dev"
    source: hosted
    version: "3.0.2"
  flutter_web_plugins:
    dependency: transitive
    description: flutter
    source: sdk
    version: "0.0.0"
  js:
    dependency: transitive
    description:
      name: js
      sha256: f2c445dce49627136094980615a031419f7f3eb393237e4ecd97ac15dea343f3
      url: "https://pub.dev"
    source: hosted
    version: "0.6.7"
  lints:
    dependency: transitive
    description:
      name: lints
      sha256: cbf8d4b858bb0134ef3ef87841abdf8d63bfc255c266b7bf6b39daa1085c4290
      url: "https://pub.dev"
    source: hosted
    version: "3.0.0"
  material_color_utilities:
    dependency: transitive
    description:
      name: material_color_utilities
      sha256: "0e0a020085b65b6083975e499759762399b4475f766c21668c4ecca34ea74e5a"
      url: "https://pub.dev"
    source: hosted
    version: "0.8.0"
  meta:
    dependency: transitive
    description:
      name: meta
      sha256: d584fa6707a52763a52446f02cc621b077888fb63b93bbcb1143a7be5a0c0c04
      url: "https://pub.dev"
    source: hosted
    version: "1.11.0"
  nested:
    dependency: transitive
    description:
      name: nested
      sha256: "03bac4c528c64c95c722ec99280375a6f2fc708eec17c7b3f07253b626cd2a20"
      url: "https://pub.dev"
    source: hosted
    version: "1.0.0"
  path:
    dependency: transitive
    description:
      name: path
      sha256: "087ce49c3f0dc39180befefc60fdb4acd8f8620e5682fe2476afd0b3688bb4af"
      url: "https://pub.dev"
    source: hosted
    version: "1.9.0"
  pitch_detector_dart:
    dependency: "direct main"
    description:
      name: pitch_detector_dart
      sha256: "342e3e323bb2cf25706e0d28033c7f2132cff4308ad8bb733c705ed042a73009"
      url: "https://pub.dev"
    source: hosted
    version: "0.0.5"
  pitchupdart:
    dependency: "direct main"
    description:
      name: pitchupdart
      sha256: ac5ac61b8f1f478e6bea6b5336a9a1498c154edf0a7e76cbccb46fb26cec407d
      url: "https://pub.dev"
    source: hosted
    version: "0.0.4"
  plugin_platform_interface:
    dependency: transitive
    description:
      name: plugin_platform_interface
      sha256: "4820fbfdb9478b1ebae27888254d445073732dae3d6ea81f0b7e06d5dedc3f02"
      url: "https://pub.dev"
    source: hosted
    version: "2.1.8"
  provider:
    dependency: transitive
    description:
      name: provider
      sha256: c8a055ee5ce3fd98d6fc872478b03823ffdb448699c6ebdbbc71d59b596fd48c
      url: "https://pub.dev"
    source: hosted
    version: "6.1.2"
  record:
    dependency: "direct main"
    description:
      name: record
      sha256: "113b368168c49c78902ab37c2b354dea30a0aec5bdeca434073826b6ea73eca1"
      url: "https://pub.dev"
    source: hosted
    version: "5.0.5"
  record_android:
    dependency: transitive
    description:
      name: record_android
      sha256: "0df98e05873b22b443309e289bf1eb3b5b9a60e7779134334e2073eb0763a992"
      url: "https://pub.dev"
    source: hosted
    version: "1.1.0"
  record_darwin:
    dependency: transitive
    description:
      name: record_darwin
      sha256: ee8cb1bb1712d7ce38140ecabe70e5c286c02f05296d66043bee865ace7eb1b9
      url: "https://pub.dev"
    source: hosted
    version: "1.0.1"
  record_linux:
    dependency: transitive
    description:
      name: record_linux
      sha256: "7d0e70cd51635128fe9d37d89bafd6011d7cbba9af8dc323079ae60f23546aef"
      url: "https://pub.dev"
    source: hosted
    version: "0.7.1"
  record_platform_interface:
    dependency: transitive
    description:
      name: record_platform_interface
      sha256: "3a4b56e94ecd2a0b2b43eb1fa6f94c5b8484334f5d38ef43959c4bf97fb374cf"
      url: "https://pub.dev"
    source: hosted
    version: "1.0.2"
  record_web:
    dependency: transitive
    description:
      name: record_web
      sha256: "24847cdbcf999f7a5762170792f622ac844858766becd0f2370ec8ae22f7526e"
      url: "https://pub.dev"
    source: hosted
    version: "1.0.5"
  record_windows:
    dependency: transitive
    description:
      name: record_windows
      sha256: "39998b3ea7d8d28b04159d82220e6e5e32a7c357c6fb2794f5736beea272f6c3"
      url: "https://pub.dev"
    source: hosted
    version: "1.0.2"
  sky_engine:
    dependency: transitive
    description: flutter
    source: sdk
    version: "0.0.99"
  typed_data:
    dependency: transitive
    description:
      name: typed_data
      sha256: facc8d6582f16042dd49f2463ff1bd6e2c9ef9f3d5da3d9b087e244a7b564b3c
      url: "https://pub.dev"
    source: hosted
    version: "1.3.2"
  uuid:
    dependency: transitive
    description:
      name: uuid
      sha256: "648e103079f7c64a36dc7d39369cabb358d377078a051d6ae2ad3aa539519313"
      url: "https://pub.dev"
    source: hosted
    version: "3.0.7"
  vector_math:
    dependency: transitive
    description:
      name: vector_math
      sha256: "80b3257d1492ce4d091729e3a67a60407d227c27241d6927be0130c98e741803"
      url: "https://pub.dev"
    source: hosted
    version: "2.1.4"
sdks:
  dart: ">=3.3.1 <4.0.0"
  flutter: ">=3.0.0"
